
Microsoft Visual Studio Solution File, Format Version 12.00
# Visual Studio 15
VisualStudioVersion = 15.0.28307.1082
MinimumVisualStudioVersion = 10.0.40219.1
Project("{FAE04EC0-301F-11D3-BF4B-00C04F79EFBC}") = "ssl-crypt", "ssl-crypt\ssl-crypt.csproj", "{B7C034CB-43E5-4313-9499-591A0E5FC81D}"
EndProject
Global
	GlobalSection(SolutionConfigurationPlatforms) = preSolution
		Debug|Any CPU = Debug|Any CPU
		Release|Any CPU = Release|Any CPU
	EndGlobalSection
	GlobalSection(ProjectConfigurationPlatforms) = postSolution
		{B7C034CB-43E5-4313-9499-591A0E5FC81D}.Debug|Any CPU.ActiveCfg = Debug|Any CPU
		{B7C034CB-43E5-4313-9499-591A0E5FC81D}.Debug|Any CPU.Build.0 = Debug|Any CPU
		{B7C034CB-43E5-4313-9499-591A0E5FC81D}.Release|Any CPU.ActiveCfg = Release|Any CPU
		{B7C034CB-43E5-4313-9499-591A0E5FC81D}.Release|Any CPU.Build.0 = Release|Any CPU
	EndGlobalSection
	GlobalSection(SolutionProperties) = preSolution
		HideSolutionNode = FALSE
	EndGlobalSection
	GlobalSection(ExtensibilityGlobals) = postSolution
		SolutionGuid = {5D503F90-B1F4-4644-8D8F-C866BE8BDBF6}
	EndGlobalSection
EndGlobal
